
Microsoft Visual Studio Solution File, Format Version 12.00
# Visual Studio Version 17
VisualStudioVersion = 17.11.35312.102
MinimumVisualStudioVersion = 10.0.40219.1
Project("{FAE04EC0-301F-11D3-BF4B-00C04F79EFBC}") = "Pratik-Survivor", "Pratik-Survivor\Pratik-Survivor.csproj", "{E3F67D32-534C-41D9-8F9C-5C77CAD24197}"
EndProject
Global
	GlobalSection(SolutionConfigurationPlatforms) = preSolution
		Debug|Any CPU = Debug|Any CPU
		Release|Any CPU = Release|Any CPU
	EndGlobalSection
	GlobalSection(ProjectConfigurationPlatforms) = postSolution
		{E3F67D32-534C-41D9-8F9C-5C77CAD24197}.Debug|Any CPU.ActiveCfg = Debug|Any CPU
		{E3F67D32-534C-41D9-8F9C-5C77CAD24197}.Debug|Any CPU.Build.0 = Debug|Any CPU
		{E3F67D32-534C-41D9-8F9C-5C77CAD24197}.Release|Any CPU.ActiveCfg = Release|Any CPU
		{E3F67D32-534C-41D9-8F9C-5C77CAD24197}.Release|Any CPU.Build.0 = Release|Any CPU
	EndGlobalSection
	GlobalSection(SolutionProperties) = preSolution
		HideSolutionNode = FALSE
	EndGlobalSection
	GlobalSection(ExtensibilityGlobals) = postSolution
		SolutionGuid = {BA81F563-422C-4D7E-A5F3-FB45F57BCE02}
	EndGlobalSection
EndGlobal
